Microsoft Visual Studio Solution File, Format Version 12.00
# Visual Studio Version 17
VisualStudioVersion = 17.5.2.0
MinimumVisualStudioVersion = 10.0.40219.1
Project("{FAE04EC0-301F-11D3-BF4B-00C04F79EFBC}") = "Banking", "Banking.csproj", "{E1D6A326-91C0-705B-7FB2-E6C40F1209F7}"
EndProject
Global
	GlobalSection(SolutionConfigurationPlatforms) = preSolution
		Debug|Any CPU = Debug|Any CPU
		Release|Any CPU = Release|Any CPU
	EndGlobalSection
	GlobalSection(ProjectConfigurationPlatforms) = postSolution
		{E1D6A326-91C0-705B-7FB2-E6C40F1209F7}.Debug|Any CPU.ActiveCfg = Debug|Any CPU
		{E1D6A326-91C0-705B-7FB2-E6C40F1209F7}.Debug|Any CPU.Build.0 = Debug|Any CPU
		{E1D6A326-91C0-705B-7FB2-E6C40F1209F7}.Release|Any CPU.ActiveCfg = Release|Any CPU
		{E1D6A326-91C0-705B-7FB2-E6C40F1209F7}.Release|Any CPU.Build.0 = Release|Any CPU
	EndGlobalSection
	GlobalSection(SolutionProperties) = preSolution
		HideSolutionNode = FALSE
	EndGlobalSection
	GlobalSection(ExtensibilityGlobals) = postSolution
		SolutionGuid = {BD5B251A-B024-4A51-9884-1B83AEE65C62}
	EndGlobalSection
EndGlobal
